
Microsoft Visual Studio Solution File, Format Version 12.00
Project("{FAE04EC0-301F-11D3-BF4B-00C04F79EFBC}") = "PolyShim", "PolyShim\PolyShim.csproj", "{9BE0E8C5-B0BB-48E0-99F5-6D6155038A13}"
EndProject
Project("{2150E333-8FDC-42A3-9474-1A3956D46DE8}") = "Misc", "Misc", "{2E401512-C98F-487D-8F62-02973D1B4918}"
	ProjectSection(SolutionItems) = preProject
		Directory.Build.props = Directory.Build.props
		Directory.Packages.props = Directory.Packages.props
		Readme.md = Readme.md
		License.txt = License.txt
		global.json = global.json
		NuGet.config = NuGet.config
	EndProjectSection
EndProject
Project("{FAE04EC0-301F-11D3-BF4B-00C04F79EFBC}") = "PolyShim.Tests", "PolyShim.Tests\PolyShim.Tests.csproj", "{91CB527A-0E61-4689-9B41-89CB09C8C218}"
EndProject
Global
	GlobalSection(SolutionConfigurationPlatforms) = preSolution
		Debug|Any CPU = Debug|Any CPU
		Release|Any CPU = Release|Any CPU
	EndGlobalSection
	GlobalSection(ProjectConfigurationPlatforms) = postSolution
		{9BE0E8C5-B0BB-48E0-99F5-6D6155038A13}.Debug|Any CPU.ActiveCfg = Debug|Any CPU
		{9BE0E8C5-B0BB-48E0-99F5-6D6155038A13}.Debug|Any CPU.Build.0 = Debug|Any CPU
		{9BE0E8C5-B0BB-48E0-99F5-6D6155038A13}.Release|Any CPU.ActiveCfg = Release|Any CPU
		{9BE0E8C5-B0BB-48E0-99F5-6D6155038A13}.Release|Any CPU.Build.0 = Release|Any CPU
		{91CB527A-0E61-4689-9B41-89CB09C8C218}.Debug|Any CPU.ActiveCfg = Debug|Any CPU
		{91CB527A-0E61-4689-9B41-89CB09C8C218}.Debug|Any CPU.Build.0 = Debug|Any CPU
		{91CB527A-0E61-4689-9B41-89CB09C8C218}.Release|Any CPU.ActiveCfg = Release|Any CPU
		{91CB527A-0E61-4689-9B41-89CB09C8C218}.Release|Any CPU.Build.0 = Release|Any CPU
	EndGlobalSection
EndGlobal
